
Microsoft Visual Studio Solution File, Format Version 12.00
# Visual Studio 14
VisualStudioVersion = 14.0.23107.0
MinimumVisualStudioVersion = 10.0.40219.1
Project("{FAE04EC0-301F-11D3-BF4B-00C04F79EFBC}") = "Dictionaries", "Dictionaries\Dictionaries.csproj", "{E768C0D5-4824-4D5A-95D8-43C5D25311AB}"
EndProject
Global
	GlobalSection(SolutionConfigurationPlatforms) = preSolution
		Debug|Any CPU = Debug|Any CPU
		Release|Any CPU = Release|Any CPU
	EndGlobalSection
	GlobalSection(ProjectConfigurationPlatforms) = postSolution
		{E768C0D5-4824-4D5A-95D8-43C5D25311AB}.Debug|Any CPU.ActiveCfg = Debug|Any CPU
		{E768C0D5-4824-4D5A-95D8-43C5D25311AB}.Debug|Any CPU.Build.0 = Debug|Any CPU
		{E768C0D5-4824-4D5A-95D8-43C5D25311AB}.Debug|Any CPU.Deploy.0 = Debug|Any CPU
		{E768C0D5-4824-4D5A-95D8-43C5D25311AB}.Release|Any CPU.ActiveCfg = Release|Any CPU
		{E768C0D5-4824-4D5A-95D8-43C5D25311AB}.Release|Any CPU.Build.0 = Release|Any CPU
		{E768C0D5-4824-4D5A-95D8-43C5D25311AB}.Release|Any CPU.Deploy.0 = Release|Any CPU
	EndGlobalSection
	GlobalSection(SolutionProperties) = preSolution
		HideSolutionNode = FALSE
	EndGlobalSection
EndGlobal
